{
  "name": "random-id-example",
  "version": "1.0.0",
  "lockfileVersion": 2,
  "requires": true,
  "packages": {
    "": {
      "name": "random-id-example",
      "version": "1.0.0",
      "license": "MIT",
      "dependencies": {
        "randomise-id": "^1.0.0"
      }
    },
    "node_modules/randomise-id": {
      "version": "1.0.0",
      "resolved": "https://registry.npmjs.org/randomise-id/-/randomise-id-1.0.0.tgz",
      "integrity": "sha512-CPbVdUVPeyeua8VVjnDNw23TGynKKYw3WDq2AJS99yQLGlrpRr2C/Bsbfb9W9wLBSbr9JOcuDKjjw7QzRQJSxQ=="
    }
  },
  "dependencies": {
    "randomise-id": {
      "version": "1.0.0",
      "resolved": "https://registry.npmjs.org/randomise-id/-/randomise-id-1.0.0.tgz",
      "integrity": "sha512-CPbVdUVPeyeua8VVjnDNw23TGynKKYw3WDq2AJS99yQLGlrpRr2C/Bsbfb9W9wLBSbr9JOcuDKjjw7QzRQJSxQ=="
    }
  }
}
